
Microsoft Visual Studio Solution File, Format Version 12.00
# Visual Studio Version 17
VisualStudioVersion = 17.0.32112.339
MinimumVisualStudioVersion = 10.0.40219.1
Project("{FAE04EC0-301F-11D3-BF4B-00C04F79EFBC}") = "TicTacToe.Android", "TicTacToe\TicTacToe.Android\TicTacToe.Android.csproj", "{3B35EFE1-6E59-4F5B-8278-2F00EE5B83C7}"
EndProject
Project("{FAE04EC0-301F-11D3-BF4B-00C04F79EFBC}") = "TicTacToe.iOS", "TicTacToe\TicTacToe.iOS\TicTacToe.iOS.csproj", "{7097160F-A371-49EC-B28C-CB4D2F37CD76}"
EndProject
Project("{FAE04EC0-301F-11D3-BF4B-00C04F79EFBC}") = "TicTacToe", "TicTacToe\TicTacToe\TicTacToe.csproj", "{58852687-1355-42B6-85B7-BBDB2CE15F27}"
EndProject
Global
	GlobalSection(SolutionConfigurationPlatforms) = preSolution
		Debug|Any CPU = Debug|Any CPU
		Debug|iPhone = Debug|iPhone
		Debug|iPhoneSimulator = Debug|iPhoneSimulator
		Release|Any CPU = Release|Any CPU
		Release|iPhone = Release|iPhone
		Release|iPhoneSimulator = Release|iPhoneSimulator
	EndGlobalSection
	GlobalSection(ProjectConfigurationPlatforms) = postSolution
		{3B35EFE1-6E59-4F5B-8278-2F00EE5B83C7}.Debug|Any CPU.ActiveCfg = Debug|Any CPU
		{3B35EFE1-6E59-4F5B-8278-2F00EE5B83C7}.Debug|Any CPU.Build.0 = Debug|Any CPU
		{3B35EFE1-6E59-4F5B-8278-2F00EE5B83C7}.Debug|Any CPU.Deploy.0 = Debug|Any CPU
		{3B35EFE1-6E59-4F5B-8278-2F00EE5B83C7}.Debug|iPhone.ActiveCfg = Debug|Any CPU
		{3B35EFE1-6E59-4F5B-8278-2F00EE5B83C7}.Debug|iPhone.Build.0 = Debug|Any CPU
		{3B35EFE1-6E59-4F5B-8278-2F00EE5B83C7}.Debug|iPhone.Deploy.0 = Debug|Any CPU
		{3B35EFE1-6E59-4F5B-8278-2F00EE5B83C7}.Debug|iPhoneSimulator.ActiveCfg = Debug|Any CPU
		{3B35EFE1-6E59-4F5B-8278-2F00EE5B83C7}.Debug|iPhoneSimulator.Build.0 = Debug|Any CPU
		{3B35EFE1-6E59-4F5B-8278-2F00EE5B83C7}.Debug|iPhoneSimulator.Deploy.0 = Debug|Any CPU
		{3B35EFE1-6E59-4F5B-8278-2F00EE5B83C7}.Release|Any CPU.ActiveCfg = Release|Any CPU
		{3B35EFE1-6E59-4F5B-8278-2F00EE5B83C7}.Release|Any CPU.Build.0 = Release|Any CPU
		{3B35EFE1-6E59-4F5B-8278-2F00EE5B83C7}.Release|Any CPU.Deploy.0 = Release|Any CPU
		{3B35EFE1-6E59-4F5B-8278-2F00EE5B83C7}.Release|iPhone.ActiveCfg = Release|Any CPU
		{3B35EFE1-6E59-4F5B-8278-2F00EE5B83C7}.Release|iPhone.Build.0 = Release|Any CPU
		{3B35EFE1-6E59-4F5B-8278-2F00EE5B83C7}.Release|iPhone.Deploy.0 = Release|Any CPU
		{3B35EFE1-6E59-4F5B-8278-2F00EE5B83C7}.Release|iPhoneSimulator.ActiveCfg = Release|Any CPU
		{3B35EFE1-6E59-4F5B-8278-2F00EE5B83C7}.Release|iPhoneSimulator.Build.0 = Release|Any CPU
		{3B35EFE1-6E59-4F5B-8278-2F00EE5B83C7}.Release|iPhoneSimulator.Deploy.0 = Release|Any CPU
		{7097160F-A371-49EC-B28C-CB4D2F37CD76}.Debug|Any CPU.ActiveCfg = Debug|iPhone
		{7097160F-A371-49EC-B28C-CB4D2F37CD76}.Debug|Any CPU.Build.0 = Debug|iPhone
		{7097160F-A371-49EC-B28C-CB4D2F37CD76}.Debug|Any CPU.Deploy.0 = Debug|iPhone
		{7097160F-A371-49EC-B28C-CB4D2F37CD76}.Debug|iPhone.ActiveCfg = Debug|iPhone
		{7097160F-A371-49EC-B28C-CB4D2F37CD76}.Debug|iPhone.Build.0 = Debug|iPhone
		{7097160F-A371-49EC-B28C-CB4D2F37CD76}.Debug|iPhone.Deploy.0 = Debug|iPhone
		{7097160F-A371-49EC-B28C-CB4D2F37CD76}.Debug|iPhoneSimulator.ActiveCfg = Debug|iPhoneSimulator
		{7097160F-A371-49EC-B28C-CB4D2F37CD76}.Debug|iPhoneSimulator.Build.0 = Debug|iPhoneSimulator
		{7097160F-A371-49EC-B28C-CB4D2F37CD76}.Debug|iPhoneSimulator.Deploy.0 = Debug|iPhoneSimulator
		{7097160F-A371-49EC-B28C-CB4D2F37CD76}.Release|Any CPU.ActiveCfg = Release|iPhoneSimulator
		{7097160F-A371-49EC-B28C-CB4D2F37CD76}.Release|Any CPU.Build.0 = Release|iPhoneSimulator
		{7097160F-A371-49EC-B28C-CB4D2F37CD76}.Release|Any CPU.Deploy.0 = Release|iPhoneSimulator
		{7097160F-A371-49EC-B28C-CB4D2F37CD76}.Release|iPhone.ActiveCfg = Release|iPhone
		{7097160F-A371-49EC-B28C-CB4D2F37CD76}.Release|iPhone.Build.0 = Release|iPhone
		{7097160F-A371-49EC-B28C-CB4D2F37CD76}.Release|iPhone.Deploy.0 = Release|iPhone
		{7097160F-A371-49EC-B28C-CB4D2F37CD76}.Release|iPhoneSimulator.ActiveCfg = Release|iPhoneSimulator
		{7097160F-A371-49EC-B28C-CB4D2F37CD76}.Release|iPhoneSimulator.Build.0 = Release|iPhoneSimulator
		{7097160F-A371-49EC-B28C-CB4D2F37CD76}.Release|iPhoneSimulator.Deploy.0 = Release|iPhoneSimulator
		{58852687-1355-42B6-85B7-BBDB2CE15F27}.Debug|Any CPU.ActiveCfg = Debug|Any CPU
		{58852687-1355-42B6-85B7-BBDB2CE15F27}.Debug|Any CPU.Build.0 = Debug|Any CPU
		{58852687-1355-42B6-85B7-BBDB2CE15F27}.Debug|Any CPU.Deploy.0 = Debug|Any CPU
		{58852687-1355-42B6-85B7-BBDB2CE15F27}.Debug|iPhone.ActiveCfg = Debug|Any CPU
		{58852687-1355-42B6-85B7-BBDB2CE15F27}.Debug|iPhone.Build.0 = Debug|Any CPU
		{58852687-1355-42B6-85B7-BBDB2CE15F27}.Debug|iPhone.Deploy.0 = Debug|Any CPU
		{58852687-1355-42B6-85B7-BBDB2CE15F27}.Debug|iPhoneSimulator.ActiveCfg = Debug|Any CPU
		{58852687-1355-42B6-85B7-BBDB2CE15F27}.Debug|iPhoneSimulator.Build.0 = Debug|Any CPU
		{58852687-1355-42B6-85B7-BBDB2CE15F27}.Debug|iPhoneSimulator.Deploy.0 = Debug|Any CPU
		{58852687-1355-42B6-85B7-BBDB2CE15F27}.Release|Any CPU.ActiveCfg = Release|Any CPU
		{58852687-1355-42B6-85B7-BBDB2CE15F27}.Release|Any CPU.Build.0 = Release|Any CPU
		{58852687-1355-42B6-85B7-BBDB2CE15F27}.Release|Any CPU.Deploy.0 = Release|Any CPU
		{58852687-1355-42B6-85B7-BBDB2CE15F27}.Release|iPhone.ActiveCfg = Release|Any CPU
		{58852687-1355-42B6-85B7-BBDB2CE15F27}.Release|iPhone.Build.0 = Release|Any CPU
		{58852687-1355-42B6-85B7-BBDB2CE15F27}.Release|iPhone.Deploy.0 = Release|Any CPU
		{58852687-1355-42B6-85B7-BBDB2CE15F27}.Release|iPhoneSimulator.ActiveCfg = Release|Any CPU
		{58852687-1355-42B6-85B7-BBDB2CE15F27}.Release|iPhoneSimulator.Build.0 = Release|Any CPU
		{58852687-1355-42B6-85B7-BBDB2CE15F27}.Release|iPhoneSimulator.Deploy.0 = Release|Any CPU
	EndGlobalSection
	GlobalSection(SolutionProperties) = preSolution
		HideSolutionNode = FALSE
	EndGlobalSection
	GlobalSection(ExtensibilityGlobals) = postSolution
		SolutionGuid = {8F930267-3467-4A02-9B62-0D0885912920}
	EndGlobalSection
EndGlobal
